// !$*UTF8*$!
{
	archiveVersion = 1;
	classes = {
	};
	objectVersion = 50;
	objects = {

/* Begin PBXBuildFile section */
		15FF24C0EB493278D8129B7A /* Pods_SWVL_ChallengeUITests.framework in Frameworks */ = {isa = PBXBuildFile; fileRef = 8D5CF75891DC861ACF7265CD /* Pods_SWVL_ChallengeUITests.framework */; };
		302B491C04B5EDD990AE40B3 /* Pods_SWVL_ChallengeTests.framework in Frameworks */ = {isa = PBXBuildFile; fileRef = 61DDDA1265CC6475206C47E0 /* Pods_SWVL_ChallengeTests.framework */; };
		582527FCA34A7B163CAA2B00 /* Pods_SWVL_Challenge.framework in Frameworks */ = {isa = PBXBuildFile; fileRef = A05912824439DBF391E692D1 /* Pods_SWVL_Challenge.framework */; };
		F920478620B46F7000A09C6F /* BusView.swift in Sources */ = {isa = PBXBuildFile; fileRef = F920478520B46F6F00A09C6F /* BusView.swift */; };
		F920478820B46F8A00A09C6F /* BusView.xib in Resources */ = {isa = PBXBuildFile; fileRef = F920478720B46F8A00A09C6F /* BusView.xib */; };
		F94B94C220B1994700CCB5E0 /* Extensions.swift in Sources */ = {isa = PBXBuildFile; fileRef = F94B94C120B1994700CCB5E0 /* Extensions.swift */; };
		F9B07AF120B02AEB0001E191 /* AppDelegate.swift in Sources */ = {isa = PBXBuildFile; fileRef = F9B07AF020B02AEB0001E191 /* AppDelegate.swift */; };
		F9B07AF320B02AEB0001E191 /* MapViewController.swift in Sources */ = {isa = PBXBuildFile; fileRef = F9B07AF220B02AEB0001E191 /* MapViewController.swift */; };
		F9B07AF620B02AEB0001E191 /* Main.storyboard in Resources */ = {isa = PBXBuildFile; fileRef = F9B07AF420B02AEB0001E191 /* Main.storyboard */; };
		F9B07AF820B02AEC0001E191 /* Assets.xcassets in Resources */ = {isa = PBXBuildFile; fileRef = F9B07AF720B02AEC0001E191 /* Assets.xcassets */; };
		F9B07AFB20B02AEC0001E191 /* LaunchScreen.storyboard in Resources */ = {isa = PBXBuildFile; fileRef = F9B07AF920B02AEC0001E191 /* LaunchScreen.storyboard */; };
		F9B07B0620B02AEC0001E191 /* SWVL_ChallengeTests.swift in Sources */ = {isa = PBXBuildFile; fileRef = F9B07B0520B02AEC0001E191 /* SWVL_ChallengeTests.swift */; };
		F9B07B1120B02AEC0001E191 /* SWVL_ChallengeUITests.swift in Sources */ = {isa = PBXBuildFile; fileRef = F9B07B1020B02AEC0001E191 /* SWVL_ChallengeUITests.swift */; };
		F9B07B1F20B0468D0001E191 /* MarkerView.xib in Resources */ = {isa = PBXBuildFile; fileRef = F9B07B1E20B0468D0001E191 /* MarkerView.xib */; };
		F9B07B2120B048370001E191 /* MarkerView.swift in Sources */ = {isa = PBXBuildFile; fileRef = F9B07B2020B048370001E191 /* MarkerView.swift */; };
		F9B07B2520B0572A0001E191 /* StationView.swift in Sources */ = {isa = PBXBuildFile; fileRef = F9B07B2420B0572A0001E191 /* StationView.swift */; };
		F9B07B2A20B071D20001E191 /* Lines.swift in Sources */ = {isa = PBXBuildFile; fileRef = F9B07B2920B071D20001E191 /* Lines.swift */; };
		F9B07B2C20B072260001E191 /* Station.swift in Sources */ = {isa = PBXBuildFile; fileRef = F9B07B2B20B072260001E191 /* Station.swift */; };
		F9B07B2E20B075050001E191 /* NetworkManager.swift in Sources */ = {isa = PBXBuildFile; fileRef = F9B07B2D20B075050001E191 /* NetworkManager.swift */; };
		F9D453EB20B0AD8900ED2E1A /* Location.swift in Sources */ = {isa = PBXBuildFile; fileRef = F9D453EA20B0AD8900ED2E1A /* Location.swift */; };
/* End PBXBuildFile section */

/* Begin PBXContainerItemProxy section */
		F9B07B0220B02AEC0001E191 /* PBXContainerItemProxy */ = {
			isa = PBXContainerItemProxy;
			containerPortal = F9B07AE520B02AEA0001E191 /* Project object */;
			proxyType = 1;
			remoteGlobalIDString = F9B07AEC20B02AEB0001E191;
			remoteInfo = "SWVL Challenge";
		};
		F9B07B0D20B02AEC0001E191 /* PBXContainerItemProxy */ = {
			isa = PBXContainerItemProxy;
			containerPortal = F9B07AE520B02AEA0001E191 /* Project object */;
			proxyType = 1;
			remoteGlobalIDString = F9B07AEC20B02AEB0001E191;
			remoteInfo = "SWVL Challenge";
		};
/* End PBXContainerItemProxy section */

/* Begin PBXFileReference section */
		0DBA6BB6DC18E4C29386DF5C /* Pods-SWVL Challenge.debug.xcconfig */ = {isa = PBXFileReference; includeInIndex = 1; lastKnownFileType = text.xcconfig; name = "Pods-SWVL Challenge.debug.xcconfig"; path = "Pods/Target Support Files/Pods-SWVL Challenge/Pods-SWVL Challenge.debug.xcconfig"; sourceTree = "<group>"; };
		1E7B14B0910934E8446EEEBC /* Pods-SWVL ChallengeTests.release.xcconfig */ = {isa = PBXFileReference; includeInIndex = 1; lastKnownFileType = text.xcconfig; name = "Pods-SWVL ChallengeTests.release.xcconfig"; path = "Pods/Target Support Files/Pods-SWVL ChallengeTests/Pods-SWVL ChallengeTests.release.xcconfig"; sourceTree = "<group>"; };
		4C6B99C064AE42B3A3504477 /* Pods-SWVL ChallengeUITests.debug.xcconfig */ = {isa = PBXFileReference; includeInIndex = 1; lastKnownFileType = text.xcconfig; name = "Pods-SWVL ChallengeUITests.debug.xcconfig"; path = "Pods/Target Support Files/Pods-SWVL ChallengeUITests/Pods-SWVL ChallengeUITests.debug.xcconfig"; sourceTree = "<group>"; };
		61DDDA1265CC6475206C47E0 /* Pods_SWVL_ChallengeTests.framework */ = {isa = PBXFileReference; explicitFileType = wrapper.framework; includeInIndex = 0; path = Pods_SWVL_ChallengeTests.framework; sourceTree = BUILT_PRODUCTS_DIR; };
		638A24ED55DA0F531F40B2DC /* Pods-SWVL Challenge.release.xcconfig */ = {isa = PBXFileReference; includeInIndex = 1; lastKnownFileType = text.xcconfig; name = "Pods-SWVL Challenge.release.xcconfig"; path = "Pods/Target Support Files/Pods-SWVL Challenge/Pods-SWVL Challenge.release.xcconfig"; sourceTree = "<group>"; };
		7F4474AA74D5B7AE1851166F /* Pods-SWVL ChallengeTests.debug.xcconfig */ = {isa = PBXFileReference; includeInIndex = 1; lastKnownFileType = text.xcconfig; name = "Pods-SWVL ChallengeTests.debug.xcconfig"; path = "Pods/Target Support Files/Pods-SWVL ChallengeTests/Pods-SWVL ChallengeTests.debug.xcconfig"; sourceTree = "<group>"; };
		8D5CF75891DC861ACF7265CD /* Pods_SWVL_ChallengeUITests.framework */ = {isa = PBXFileReference; explicitFileType = wrapper.framework; includeInIndex = 0; path = Pods_SWVL_ChallengeUITests.framework; sourceTree = BUILT_PRODUCTS_DIR; };
		A05912824439DBF391E692D1 /* Pods_SWVL_Challenge.framework */ = {isa = PBXFileReference; explicitFileType = wrapper.framework; includeInIndex = 0; path = Pods_SWVL_Challenge.framework; sourceTree = BUILT_PRODUCTS_DIR; };
		E285BC05CF7AE8EA6E8FE385 /* Pods-SWVL ChallengeUITests.release.xcconfig */ = {isa = PBXFileReference; includeInIndex = 1; lastKnownFileType = text.xcconfig; name = "Pods-SWVL ChallengeUITests.release.xcconfig"; path = "Pods/Target Support Files/Pods-SWVL ChallengeUITests/Pods-SWVL ChallengeUITests.release.xcconfig"; sourceTree = "<group>"; };
		F920478520B46F6F00A09C6F /* BusView.swift */ = {isa = PBXFileReference; lastKnownFileType = sourcecode.swift; path = BusView.swift; sourceTree = "<group>"; };
		F920478720B46F8A00A09C6F /* BusView.xib */ = {isa = PBXFileReference; lastKnownFileType = file.xib; path = BusView.xib; sourceTree = "<group>"; };
		F94B94C120B1994700CCB5E0 /* Extensions.swift */ = {isa = PBXFileReference; lastKnownFileType = sourcecode.swift; path = Extensions.swift; sourceTree = "<group>"; };
		F9B07AED20B02AEB0001E191 /* SWVL Challenge.app */ = {isa = PBXFileReference; explicitFileType = wrapper.application; includeInIndex = 0; path = "SWVL Challenge.app"; sourceTree = BUILT_PRODUCTS_DIR; };
		F9B07AF020B02AEB0001E191 /* AppDelegate.swift */ = {isa = PBXFileReference; lastKnownFileType = sourcecode.swift; path = AppDelegate.swift; sourceTree = "<group>"; };
		F9B07AF220B02AEB0001E191 /* MapViewController.swift */ = {isa = PBXFileReference; lastKnownFileType = sourcecode.swift; path = MapViewController.swift; sourceTree = "<group>"; };
		F9B07AF520B02AEB0001E191 /* Base */ = {isa = PBXFileReference; lastKnownFileType = file.storyboard; name = Base; path = Base.lproj/Main.storyboard; sourceTree = "<group>"; };
		F9B07AF720B02AEC0001E191 /* Assets.xcassets */ = {isa = PBXFileReference; lastKnownFileType = folder.assetcatalog; path = Assets.xcassets; sourceTree = "<group>"; };
		F9B07AFA20B02AEC0001E191 /* Base */ = {isa = PBXFileReference; lastKnownFileType = file.storyboard; name = Base; path = Base.lproj/LaunchScreen.storyboard; sourceTree = "<group>"; };
		F9B07AFC20B02AEC0001E191 /* Info.plist */ = {isa = PBXFileReference; lastKnownFileType = text.plist.xml; path = Info.plist; sourceTree = "<group>"; };
		F9B07B0120B02AEC0001E191 /* SWVL ChallengeTests.xctest */ = {isa = PBXFileReference; explicitFileType = wrapper.cfbundle; includeInIndex = 0; path = "SWVL ChallengeTests.xctest"; sourceTree = BUILT_PRODUCTS_DIR; };
		F9B07B0520B02AEC0001E191 /* SWVL_ChallengeTests.swift */ = {isa = PBXFileReference; lastKnownFileType = sourcecode.swift; path = SWVL_ChallengeTests.swift; sourceTree = "<group>"; };
		F9B07B0720B02AEC0001E191 /* Info.plist */ = {isa = PBXFileReference; lastKnownFileType = text.plist.xml; path = Info.plist; sourceTree = "<group>"; };
		F9B07B0C20B02AEC0001E191 /* SWVL ChallengeUITests.xctest */ = {isa = PBXFileReference; explicitFileType = wrapper.cfbundle; includeInIndex = 0; path = "SWVL ChallengeUITests.xctest"; sourceTree = BUILT_PRODUCTS_DIR; };
		F9B07B1020B02AEC0001E191 /* SWVL_ChallengeUITests.swift */ = {isa = PBXFileReference; lastKnownFileType = sourcecode.swift; path = SWVL_ChallengeUITests.swift; sourceTree = "<group>"; };
		F9B07B1220B02AEC0001E191 /* Info.plist */ = {isa = PBXFileReference; lastKnownFileType = text.plist.xml; path = Info.plist; sourceTree = "<group>"; };
		F9B07B1E20B0468D0001E191 /* MarkerView.xib */ = {isa = PBXFileReference; lastKnownFileType = file.xib; path = MarkerView.xib; sourceTree = "<group>"; };
		F9B07B2020B048370001E191 /* MarkerView.swift */ = {isa = PBXFileReference; lastKnownFileType = sourcecode.swift; path = MarkerView.swift; sourceTree = "<group>"; };
		F9B07B2420B0572A0001E191 /* StationView.swift */ = {isa = PBXFileReference; lastKnownFileType = sourcecode.swift; path = StationView.swift; sourceTree = "<group>"; };
		F9B07B2920B071D20001E191 /* Lines.swift */ = {isa = PBXFileReference; lastKnownFileType = sourcecode.swift; path = Lines.swift; sourceTree = "<group>"; };
		F9B07B2B20B072260001E191 /* Station.swift */ = {isa = PBXFileReference; lastKnownFileType = sourcecode.swift; path = Station.swift; sourceTree = "<group>"; };
		F9B07B2D20B075050001E191 /* NetworkManager.swift */ = {isa = PBXFileReference; lastKnownFileType = sourcecode.swift; path = NetworkManager.swift; sourceTree = "<group>"; };
		F9D453EA20B0AD8900ED2E1A /* Location.swift */ = {isa = PBXFileReference; lastKnownFileType = sourcecode.swift; path = Location.swift; sourceTree = "<group>"; };
/* End PBXFileReference section */

/* Begin PBXFrameworksBuildPhase section */
		F9B07AEA20B02AEB0001E191 /* Frameworks */ = {
			isa = PBXFrameworksBuildPhase;
			buildActionMask = 2147483647;
			files = (
				582527FCA34A7B163CAA2B00 /* Pods_SWVL_Challenge.framework in Frameworks */,
			);
			runOnlyForDeploymentPostprocessing = 0;
		};
		F9B07AFE20B02AEC0001E191 /* Frameworks */ = {
			isa = PBXFrameworksBuildPhase;
			buildActionMask = 2147483647;
			files = (
				302B491C04B5EDD990AE40B3 /* Pods_SWVL_ChallengeTests.framework in Frameworks */,
			);
			runOnlyForDeploymentPostprocessing = 0;
		};
		F9B07B0920B02AEC0001E191 /* Frameworks */ = {
			isa = PBXFrameworksBuildPhase;
			buildActionMask = 2147483647;
			files = (
				15FF24C0EB493278D8129B7A /* Pods_SWVL_ChallengeUITests.framework in Frameworks */,
			);
			runOnlyForDeploymentPostprocessing = 0;
		};
/* End PBXFrameworksBuildPhase section */

/* Begin PBXGroup section */
		E3EF4E210917935907C7CCFD /* Frameworks */ = {
			isa = PBXGroup;
			children = (
				A05912824439DBF391E692D1 /* Pods_SWVL_Challenge.framework */,
				61DDDA1265CC6475206C47E0 /* Pods_SWVL_ChallengeTests.framework */,
				8D5CF75891DC861ACF7265CD /* Pods_SWVL_ChallengeUITests.framework */,
			);
			name = Frameworks;
			sourceTree = "<group>";
		};
		EF2965EEF5C8EDDE481D60AD /* Pods */ = {
			isa = PBXGroup;
			children = (
				0DBA6BB6DC18E4C29386DF5C /* Pods-SWVL Challenge.debug.xcconfig */,
				638A24ED55DA0F531F40B2DC /* Pods-SWVL Challenge.release.xcconfig */,
				7F4474AA74D5B7AE1851166F /* Pods-SWVL ChallengeTests.debug.xcconfig */,
				1E7B14B0910934E8446EEEBC /* Pods-SWVL ChallengeTests.release.xcconfig */,
				4C6B99C064AE42B3A3504477 /* Pods-SWVL ChallengeUITests.debug.xcconfig */,
				E285BC05CF7AE8EA6E8FE385 /* Pods-SWVL ChallengeUITests.release.xcconfig */,
			);
			name = Pods;
			sourceTree = "<group>";
		};
		F9B07AE420B02AEA0001E191 = {
			isa = PBXGroup;
			children = (
				F9B07AEF20B02AEB0001E191 /* SWVL Challenge */,
				F9B07B0420B02AEC0001E191 /* SWVL ChallengeTests */,
				F9B07B0F20B02AEC0001E191 /* SWVL ChallengeUITests */,
				F9B07AEE20B02AEB0001E191 /* Products */,
				EF2965EEF5C8EDDE481D60AD /* Pods */,
				E3EF4E210917935907C7CCFD /* Frameworks */,
			);
			sourceTree = "<group>";
		};
		F9B07AEE20B02AEB0001E191 /* Products */ = {
			isa = PBXGroup;
			children = (
				F9B07AED20B02AEB0001E191 /* SWVL Challenge.app */,
				F9B07B0120B02AEC0001E191 /* SWVL ChallengeTests.xctest */,
				F9B07B0C20B02AEC0001E191 /* SWVL ChallengeUITests.xctest */,
			);
			name = Products;
			sourceTree = "<group>";
		};
		F9B07AEF20B02AEB0001E191 /* SWVL Challenge */ = {
			isa = PBXGroup;
			children = (
				F9B07AF020B02AEB0001E191 /* AppDelegate.swift */,
				F9B07AFC20B02AEC0001E191 /* Info.plist */,
				F9B07AF720B02AEC0001E191 /* Assets.xcassets */,
				F9B07B2820B071820001E191 /* Controller */,
				F9B07B2720B071790001E191 /* Model */,
				F9B07B2620B0716B0001E191 /* View */,
			);
			path = "SWVL Challenge";
			sourceTree = "<group>";
		};
		F9B07B0420B02AEC0001E191 /* SWVL ChallengeTests */ = {
			isa = PBXGroup;
			children = (
				F9B07B0520B02AEC0001E191 /* SWVL_ChallengeTests.swift */,
				F9B07B0720B02AEC0001E191 /* Info.plist */,
			);
			path = "SWVL ChallengeTests";
			sourceTree = "<group>";
		};
		F9B07B0F20B02AEC0001E191 /* SWVL ChallengeUITests */ = {
			isa = PBXGroup;
			children = (
				F9B07B1020B02AEC0001E191 /* SWVL_ChallengeUITests.swift */,
				F9B07B1220B02AEC0001E191 /* Info.plist */,
			);
			path = "SWVL ChallengeUITests";
			sourceTree = "<group>";
		};
		F9B07B2620B0716B0001E191 /* View */ = {
			isa = PBXGroup;
			children = (
				F9B07AF920B02AEC0001E191 /* LaunchScreen.storyboard */,
				F9B07AF420B02AEB0001E191 /* Main.storyboard */,
				F9B07B1E20B0468D0001E191 /* MarkerView.xib */,
				F920478720B46F8A00A09C6F /* BusView.xib */,
			);
			path = View;
			sourceTree = "<group>";
		};
		F9B07B2720B071790001E191 /* Model */ = {
			isa = PBXGroup;
			children = (
				F9B07B2920B071D20001E191 /* Lines.swift */,
				F9B07B2B20B072260001E191 /* Station.swift */,
				F9D453EA20B0AD8900ED2E1A /* Location.swift */,
				F9B07B2D20B075050001E191 /* NetworkManager.swift */,
				F94B94C120B1994700CCB5E0 /* Extensions.swift */,
			);
			path = Model;
			sourceTree = "<group>";
		};
		F9B07B2820B071820001E191 /* Controller */ = {
			isa = PBXGroup;
			children = (
				F9B07AF220B02AEB0001E191 /* MapViewController.swift */,
				F9B07B2020B048370001E191 /* MarkerView.swift */,
				F9B07B2420B0572A0001E191 /* StationView.swift */,
				F920478520B46F6F00A09C6F /* BusView.swift */,
			);
			path = Controller;
			sourceTree = "<group>";
		};
/* End PBXGroup section */

/* Begin PBXNativeTarget section */
		F9B07AEC20B02AEB0001E191 /* SWVL Challenge */ = {
			isa = PBXNativeTarget;
			buildConfigurationList = F9B07B1520B02AEC0001E191 /* Build configuration list for PBXNativeTarget "SWVL Challenge" */;
			buildPhases = (
				544C812F7AC438793EE25A08 /* [CP] Check Pods Manifest.lock */,
				F9B07AE920B02AEB0001E191 /* Sources */,
				F9B07AEA20B02AEB0001E191 /* Frameworks */,
				F9B07AEB20B02AEB0001E191 /* Resources */,
				19A9F76F598D59A23F22924C /* [CP] Copy Pods Resources */,
			);
			buildRules = (
			);
			dependencies = (
			);
			name = "SWVL Challenge";
			productName = "SWVL Challenge";
			productReference = F9B07AED20B02AEB0001E191 /* SWVL Challenge.app */;
			productType = "com.apple.product-type.application";
		};
		F9B07B0020B02AEC0001E191 /* SWVL ChallengeTests */ = {
			isa = PBXNativeTarget;
			buildConfigurationList = F9B07B1820B02AEC0001E191 /* Build configuration list for PBXNativeTarget "SWVL ChallengeTests" */;
			buildPhases = (
				E7836AB27EFC87B0D7C813D0 /* [CP] Check Pods Manifest.lock */,
				F9B07AFD20B02AEC0001E191 /* Sources */,
				F9B07AFE20B02AEC0001E191 /* Frameworks */,
				F9B07AFF20B02AEC0001E191 /* Resources */,
				B3321651CBDC9D9E8ED3ADA1 /* [CP] Copy Pods Resources */,
			);
			buildRules = (
			);
			dependencies = (
				F9B07B0320B02AEC0001E191 /* PBXTargetDependency */,
			);
			name = "SWVL ChallengeTests";
			productName = "SWVL ChallengeTests";
			productReference = F9B07B0120B02AEC0001E191 /* SWVL ChallengeTests.xctest */;
			productType = "com.apple.product-type.bundle.unit-test";
		};
		F9B07B0B20B02AEC0001E191 /* SWVL ChallengeUITests */ = {
			isa = PBXNativeTarget;
			buildConfigurationList = F9B07B1B20B02AEC0001E191 /* Build configuration list for PBXNativeTarget "SWVL ChallengeUITests" */;
			buildPhases = (
				41402F6EA6C74687DC4B0C7E /* [CP] Check Pods Manifest.lock */,
				F9B07B0820B02AEC0001E191 /* Sources */,
				F9B07B0920B02AEC0001E191 /* Frameworks */,
				F9B07B0A20B02AEC0001E191 /* Resources */,
				2E702B11F36D41208D518C91 /* [CP] Copy Pods Resources */,
			);
			buildRules = (
			);
			dependencies = (
				F9B07B0E20B02AEC0001E191 /* PBXTargetDependency */,
			);
			name = "SWVL ChallengeUITests";
			productName = "SWVL ChallengeUITests";
			productReference = F9B07B0C20B02AEC0001E191 /* SWVL ChallengeUITests.xctest */;
			productType = "com.apple.product-type.bundle.ui-testing";
		};
/* End PBXNativeTarget section */

/* Begin PBXProject section */
		F9B07AE520B02AEA0001E191 /* Project object */ = {
			isa = PBXProject;
			attributes = {
				LastSwiftUpdateCheck = 0930;
				LastUpgradeCheck = 0930;
				ORGANIZATIONNAME = kalamoni;
				TargetAttributes = {
					F9B07AEC20B02AEB0001E191 = {
						CreatedOnToolsVersion = 9.3.1;
					};
					F9B07B0020B02AEC0001E191 = {
						CreatedOnToolsVersion = 9.3.1;
						TestTargetID = F9B07AEC20B02AEB0001E191;
					};
					F9B07B0B20B02AEC0001E191 = {
						CreatedOnToolsVersion = 9.3.1;
						TestTargetID = F9B07AEC20B02AEB0001E191;
					};
				};
			};
			buildConfigurationList = F9B07AE820B02AEA0001E191 /* Build configuration list for PBXProject "SWVL Challenge" */;
			compatibilityVersion = "Xcode 9.3";
			developmentRegion = en;
			hasScannedForEncodings = 0;
			knownRegions = (
				en,
				Base,
			);
			mainGroup = F9B07AE420B02AEA0001E191;
			productRefGroup = F9B07AEE20B02AEB0001E191 /* Products */;
			projectDirPath = "";
			projectRoot = "";
			targets = (
				F9B07AEC20B02AEB0001E191 /* SWVL Challenge */,
				F9B07B0020B02AEC0001E191 /* SWVL ChallengeTests */,
				F9B07B0B20B02AEC0001E191 /* SWVL ChallengeUITests */,
			);
		};
/* End PBXProject section */

/* Begin PBXResourcesBuildPhase section */
		F9B07AEB20B02AEB0001E191 /* Resources */ = {
			isa = PBXResourcesBuildPhase;
			buildActionMask = 2147483647;
			files = (
				F920478820B46F8A00A09C6F /* BusView.xib in Resources */,
				F9B07B1F20B0468D0001E191 /* MarkerView.xib in Resources */,
				F9B07AFB20B02AEC0001E191 /* LaunchScreen.storyboard in Resources */,
				F9B07AF820B02AEC0001E191 /* Assets.xcassets in Resources */,
				F9B07AF620B02AEB0001E191 /* Main.storyboard in Resources */,
			);
			runOnlyForDeploymentPostprocessing = 0;
		};
		F9B07AFF20B02AEC0001E191 /* Resources */ = {
			isa = PBXResourcesBuildPhase;
			buildActionMask = 2147483647;
			files = (
			);
			runOnlyForDeploymentPostprocessing = 0;
		};
		F9B07B0A20B02AEC0001E191 /* Resources */ = {
			isa = PBXResourcesBuildPhase;
			buildActionMask = 2147483647;
			files = (
			);
			runOnlyForDeploymentPostprocessing = 0;
		};
/* End PBXResourcesBuildPhase section */

/* Begin PBXShellScriptBuildPhase section */
		19A9F76F598D59A23F22924C /* [CP] Copy Pods Resources */ = {
			isa = PBXShellScriptBuildPhase;
			buildActionMask = 2147483647;
			files = (
			);
			inputPaths = (
				"${SRCROOT}/Pods/Target Support Files/Pods-SWVL Challenge/Pods-SWVL Challenge-resources.sh",
				"${PODS_ROOT}/GoogleMaps/Maps/Frameworks/GoogleMaps.framework/Resources/GoogleMaps.bundle",
			);
			name = "[CP] Copy Pods Resources";
			outputPaths = (
				"${TARGET_BUILD_DIR}/${UNLOCALIZED_RESOURCES_FOLDER_PATH}/GoogleMaps.bundle",
			);
			runOnlyForDeploymentPostprocessing = 0;
			shellPath = /bin/sh;
			shellScript = "\"${SRCROOT}/Pods/Target Support Files/Pods-SWVL Challenge/Pods-SWVL Challenge-resources.sh\"\n";
			showEnvVarsInLog = 0;
		};
		2E702B11F36D41208D518C91 /* [CP] Copy Pods Resources */ = {
			isa = PBXShellScriptBuildPhase;
			buildActionMask = 2147483647;
			files = (
			);
			inputPaths = (
				"${SRCROOT}/Pods/Target Support Files/Pods-SWVL ChallengeUITests/Pods-SWVL ChallengeUITests-resources.sh",
				"${PODS_ROOT}/GoogleMaps/Maps/Frameworks/GoogleMaps.framework/Resources/GoogleMaps.bundle",
			);
			name = "[CP] Copy Pods Resources";
			outputPaths = (
				"${TARGET_BUILD_DIR}/${UNLOCALIZED_RESOURCES_FOLDER_PATH}/GoogleMaps.bundle",
			);
			runOnlyForDeploymentPostprocessing = 0;
			shellPath = /bin/sh;
			shellScript = "\"${SRCROOT}/Pods/Target Support Files/Pods-SWVL ChallengeUITests/Pods-SWVL ChallengeUITests-resources.sh\"\n";
			showEnvVarsInLog = 0;
		};
		41402F6EA6C74687DC4B0C7E /* [CP] Check Pods Manifest.lock */ = {
			isa = PBXShellScriptBuildPhase;
			buildActionMask = 2147483647;
			files = (
			);
			inputPaths = (
				"${PODS_PODFILE_DIR_PATH}/Podfile.lock",
				"${PODS_ROOT}/Manifest.lock",
			);
			name = "[CP] Check Pods Manifest.lock";
			outputPaths = (
				"$(DERIVED_FILE_DIR)/Pods-SWVL ChallengeUITests-checkManifestLockResult.txt",
			);
			runOnlyForDeploymentPostprocessing = 0;
			shellPath = /bin/sh;
			shellScript = "diff \"${PODS_PODFILE_DIR_PATH}/Podfile.lock\" \"${PODS_ROOT}/Manifest.lock\" > /dev/null\nif [ $? != 0 ] ; then\n    # print error to STDERR\n    echo \"error: The sandbox is not in sync with the Podfile.lock. Run 'pod install' or update your CocoaPods installation.\" >&2\n    exit 1\nfi\n# This output is used by Xcode 'outputs' to avoid re-running this script phase.\necho \"SUCCESS\" > \"${SCRIPT_OUTPUT_FILE_0}\"\n";
			showEnvVarsInLog = 0;
		};
		544C812F7AC438793EE25A08 /* [CP] Check Pods Manifest.lock */ = {
			isa = PBXShellScriptBuildPhase;
			buildActionMask = 2147483647;
			files = (
			);
			inputPaths = (
				"${PODS_PODFILE_DIR_PATH}/Podfile.lock",
				"${PODS_ROOT}/Manifest.lock",
			);
			name = "[CP] Check Pods Manifest.lock";
			outputPaths = (
				"$(DERIVED_FILE_DIR)/Pods-SWVL Challenge-checkManifestLockResult.txt",
			);
			runOnlyForDeploymentPostprocessing = 0;
			shellPath = /bin/sh;
			shellScript = "diff \"${PODS_PODFILE_DIR_PATH}/Podfile.lock\" \"${PODS_ROOT}/Manifest.lock\" > /dev/null\nif [ $? != 0 ] ; then\n    # print error to STDERR\n    echo \"error: The sandbox is not in sync with the Podfile.lock. Run 'pod install' or update your CocoaPods installation.\" >&2\n    exit 1\nfi\n# This output is used by Xcode 'outputs' to avoid re-running this script phase.\necho \"SUCCESS\" > \"${SCRIPT_OUTPUT_FILE_0}\"\n";
			showEnvVarsInLog = 0;
		};
		B3321651CBDC9D9E8ED3ADA1 /* [CP] Copy Pods Resources */ = {
			isa = PBXShellScriptBuildPhase;
			buildActionMask = 2147483647;
			files = (
			);
			inputPaths = (
				"${SRCROOT}/Pods/Target Support Files/Pods-SWVL ChallengeTests/Pods-SWVL ChallengeTests-resources.sh",
				"${PODS_ROOT}/GoogleMaps/Maps/Frameworks/GoogleMaps.framework/Resources/GoogleMaps.bundle",
			);
			name = "[CP] Copy Pods Resources";
			outputPaths = (
				"${TARGET_BUILD_DIR}/${UNLOCALIZED_RESOURCES_FOLDER_PATH}/GoogleMaps.bundle",
			);
			runOnlyForDeploymentPostprocessing = 0;
			shellPath = /bin/sh;
			shellScript = "\"${SRCROOT}/Pods/Target Support Files/Pods-SWVL ChallengeTests/Pods-SWVL ChallengeTests-resources.sh\"\n";
			showEnvVarsInLog = 0;
		};
		E7836AB27EFC87B0D7C813D0 /* [CP] Check Pods Manifest.lock */ = {
			isa = PBXShellScriptBuildPhase;
			buildActionMask = 2147483647;
			files = (
			);
			inputPaths = (
				"${PODS_PODFILE_DIR_PATH}/Podfile.lock",
				"${PODS_ROOT}/Manifest.lock",
			);
			name = "[CP] Check Pods Manifest.lock";
			outputPaths = (
				"$(DERIVED_FILE_DIR)/Pods-SWVL ChallengeTests-checkManifestLockResult.txt",
			);
			runOnlyForDeploymentPostprocessing = 0;
			shellPath = /bin/sh;
			shellScript = "diff \"${PODS_PODFILE_DIR_PATH}/Podfile.lock\" \"${PODS_ROOT}/Manifest.lock\" > /dev/null\nif [ $? != 0 ] ; then\n    # print error to STDERR\n    echo \"error: The sandbox is not in sync with the Podfile.lock. Run 'pod install' or update your CocoaPods installation.\" >&2\n    exit 1\nfi\n# This output is used by Xcode 'outputs' to avoid re-running this script phase.\necho \"SUCCESS\" > \"${SCRIPT_OUTPUT_FILE_0}\"\n";
			showEnvVarsInLog = 0;
		};
/* End PBXShellScriptBuildPhase section */

/* Begin PBXSourcesBuildPhase section */
		F9B07AE920B02AEB0001E191 /* Sources */ = {
			isa = PBXSourcesBuildPhase;
			buildActionMask = 2147483647;
			files = (
				F9B07B2A20B071D20001E191 /* Lines.swift in Sources */,
				F94B94C220B1994700CCB5E0 /* Extensions.swift in Sources */,
				F9B07AF320B02AEB0001E191 /* MapViewController.swift in Sources */,
				F920478620B46F7000A09C6F /* BusView.swift in Sources */,
				F9D453EB20B0AD8900ED2E1A /* Location.swift in Sources */,
				F9B07B2520B0572A0001E191 /* StationView.swift in Sources */,
				F9B07B2E20B075050001E191 /* NetworkManager.swift in Sources */,
				F9B07B2120B048370001E191 /* MarkerView.swift in Sources */,
				F9B07B2C20B072260001E191 /* Station.swift in Sources */,
				F9B07AF120B02AEB0001E191 /* AppDelegate.swift in Sources */,
			);
			runOnlyForDeploymentPostprocessing = 0;
		};
		F9B07AFD20B02AEC0001E191 /* Sources */ = {
			isa = PBXSourcesBuildPhase;
			buildActionMask = 2147483647;
			files = (
				F9B07B0620B02AEC0001E191 /* SWVL_ChallengeTests.swift in Sources */,
			);
			runOnlyForDeploymentPostprocessing = 0;
		};
		F9B07B0820B02AEC0001E191 /* Sources */ = {
			isa = PBXSourcesBuildPhase;
			buildActionMask = 2147483647;
			files = (
				F9B07B1120B02AEC0001E191 /* SWVL_ChallengeUITests.swift in Sources */,
			);
			runOnlyForDeploymentPostprocessing = 0;
		};
/* End PBXSourcesBuildPhase section */

/* Begin PBXTargetDependency section */
		F9B07B0320B02AEC0001E191 /* PBXTargetDependency */ = {
			isa = PBXTargetDependency;
			target = F9B07AEC20B02AEB0001E191 /* SWVL Challenge */;
			targetProxy = F9B07B0220B02AEC0001E191 /* PBXContainerItemProxy */;
		};
		F9B07B0E20B02AEC0001E191 /* PBXTargetDependency */ = {
			isa = PBXTargetDependency;
			target = F9B07AEC20B02AEB0001E191 /* SWVL Challenge */;
			targetProxy = F9B07B0D20B02AEC0001E191 /* PBXContainerItemProxy */;
		};
/* End PBXTargetDependency section */

/* Begin PBXVariantGroup section */
		F9B07AF420B02AEB0001E191 /* Main.storyboard */ = {
			isa = PBXVariantGroup;
			children = (
				F9B07AF520B02AEB0001E191 /* Base */,
			);
			name = Main.storyboard;
			sourceTree = "<group>";
		};
		F9B07AF920B02AEC0001E191 /* LaunchScreen.storyboard */ = {
			isa = PBXVariantGroup;
			children = (
				F9B07AFA20B02AEC0001E191 /* Base */,
			);
			name = LaunchScreen.storyboard;
			sourceTree = "<group>";
		};
/* End PBXVariantGroup section */

/* Begin XCBuildConfiguration section */
		F9B07B1320B02AEC0001E191 /* Debug */ = {
			isa = XCBuildConfiguration;
			buildSettings = {
				ALWAYS_SEARCH_USER_PATHS = NO;
				CLANG_ANALYZER_NONNULL = YES;
				CLANG_ANALYZER_NUMBER_OBJECT_CONVERSION = YES_AGGRESSIVE;
				CLANG_CXX_LANGUAGE_STANDARD = "gnu++14";
				CLANG_CXX_LIBRARY = "libc++";
				CLANG_ENABLE_MODULES = YES;
				CLANG_ENABLE_OBJC_ARC = YES;
				CLANG_ENABLE_OBJC_WEAK = YES;
				CLANG_WARN_BLOCK_CAPTURE_AUTORELEASING = YES;
				CLANG_WARN_BOOL_CONVERSION = YES;
				CLANG_WARN_COMMA = YES;
				CLANG_WARN_CONSTANT_CONVERSION = YES;
				CLANG_WARN_DEPRECATED_OBJC_IMPLEMENTATIONS = YES;
				CLANG_WARN_DIRECT_OBJC_ISA_USAGE = YES_ERROR;
				CLANG_WARN_DOCUMENTATION_COMMENTS = YES;
				CLANG_WARN_EMPTY_BODY = YES;
				CLANG_WARN_ENUM_CONVERSION = YES;
				CLANG_WARN_INFINITE_RECURSION = YES;
				CLANG_WARN_INT_CONVERSION = YES;
				CLANG_WARN_NON_LITERAL_NULL_CONVERSION = YES;
				CLANG_WARN_OBJC_IMPLICIT_RETAIN_SELF = YES;
				CLANG_WARN_OBJC_LITERAL_CONVERSION = YES;
				CLANG_WARN_OBJC_ROOT_CLASS = YES_ERROR;
				CLANG_WARN_RANGE_LOOP_ANALYSIS = YES;
				CLANG_WARN_STRICT_PROTOTYPES = YES;
				CLANG_WARN_SUSPICIOUS_MOVE = YES;
				CLANG_WARN_UNGUARDED_AVAILABILITY = YES_AGGRESSIVE;
				CLANG_WARN_UNREACHABLE_CODE = YES;
				CLANG_WARN__DUPLICATE_METHOD_MATCH = YES;
				CODE_SIGN_IDENTITY = "iPhone Developer";
				COPY_PHASE_STRIP = NO;
				DEBUG_INFORMATION_FORMAT = dwarf;
				ENABLE_STRICT_OBJC_MSGSEND = YES;
				ENABLE_TESTABILITY = YES;
				GCC_C_LANGUAGE_STANDARD = gnu11;
				GCC_DYNAMIC_NO_PIC = NO;
				GCC_NO_COMMON_BLOCKS = YES;
				GCC_OPTIMIZATION_LEVEL = 0;
				GCC_PREPROCESSOR_DEFINITIONS = (
					"DEBUG=1",
					"$(inherited)",
				);
				GCC_WARN_64_TO_32_BIT_CONVERSION = YES;
				GCC_WARN_ABOUT_RETURN_TYPE = YES_ERROR;
				GCC_WARN_UNDECLARED_SELECTOR = YES;
				GCC_WARN_UNINITIALIZED_AUTOS = YES_AGGRESSIVE;
				GCC_WARN_UNUSED_FUNCTION = YES;
				GCC_WARN_UNUSED_VARIABLE = YES;
				IPHONEOS_DEPLOYMENT_TARGET = 11.3;
				MTL_ENABLE_DEBUG_INFO = YES;
				ONLY_ACTIVE_ARCH = YES;
				SDKROOT = iphoneos;
				SWIFT_ACTIVE_COMPILATION_CONDITIONS = DEBUG;
				SWIFT_OPTIMIZATION_LEVEL = "-Onone";
			};
			name = Debug;
		};
		F9B07B1420B02AEC0001E191 /* Release */ = {
			isa = XCBuildConfiguration;
			buildSettings = {
				ALWAYS_SEARCH_USER_PATHS = NO;
				CLANG_ANALYZER_NONNULL = YES;
				CLANG_ANALYZER_NUMBER_OBJECT_CONVERSION = YES_AGGRESSIVE;
				CLANG_CXX_LANGUAGE_STANDARD = "gnu++14";
				CLANG_CXX_LIBRARY = "libc++";
				CLANG_ENABLE_MODULES = YES;
				CLANG_ENABLE_OBJC_ARC = YES;
				CLANG_ENABLE_OBJC_WEAK = YES;
				CLANG_WARN_BLOCK_CAPTURE_AUTORELEASING = YES;
				CLANG_WARN_BOOL_CONVERSION = YES;
				CLANG_WARN_COMMA = YES;
				CLANG_WARN_CONSTANT_CONVERSION = YES;
				CLANG_WARN_DEPRECATED_OBJC_IMPLEMENTATIONS = YES;
				CLANG_WARN_DIRECT_OBJC_ISA_USAGE = YES_ERROR;
				CLANG_WARN_DOCUMENTATION_COMMENTS = YES;
				CLANG_WARN_EMPTY_BODY = YES;
				CLANG_WARN_ENUM_CONVERSION = YES;
				CLANG_WARN_INFINITE_RECURSION = YES;
				CLANG_WARN_INT_CONVERSION = YES;
				CLANG_WARN_NON_LITERAL_NULL_CONVERSION = YES;
				CLANG_WARN_OBJC_IMPLICIT_RETAIN_SELF = YES;
				CLANG_WARN_OBJC_LITERAL_CONVERSION = YES;
				CLANG_WARN_OBJC_ROOT_CLASS = YES_ERROR;
				CLANG_WARN_RANGE_LOOP_ANALYSIS = YES;
				CLANG_WARN_STRICT_PROTOTYPES = YES;
				CLANG_WARN_SUSPICIOUS_MOVE = YES;
				CLANG_WARN_UNGUARDED_AVAILABILITY = YES_AGGRESSIVE;
				CLANG_WARN_UNREACHABLE_CODE = YES;
				CLANG_WARN__DUPLICATE_METHOD_MATCH = YES;
				CODE_SIGN_IDENTITY = "iPhone Developer";
				COPY_PHASE_STRIP = NO;
				DEBUG_INFORMATION_FORMAT = "dwarf-with-dsym";
				ENABLE_NS_ASSERTIONS = NO;
				ENABLE_STRICT_OBJC_MSGSEND = YES;
				GCC_C_LANGUAGE_STANDARD = gnu11;
				GCC_NO_COMMON_BLOCKS = YES;
				GCC_WARN_64_TO_32_BIT_CONVERSION = YES;
				GCC_WARN_ABOUT_RETURN_TYPE = YES_ERROR;
				GCC_WARN_UNDECLARED_SELECTOR = YES;
				GCC_WARN_UNINITIALIZED_AUTOS = YES_AGGRESSIVE;
				GCC_WARN_UNUSED_FUNCTION = YES;
				GCC_WARN_UNUSED_VARIABLE = YES;
				IPHONEOS_DEPLOYMENT_TARGET = 11.3;
				MTL_ENABLE_DEBUG_INFO = NO;
				SDKROOT = iphoneos;
				SWIFT_COMPILATION_MODE = wholemodule;
				SWIFT_OPTIMIZATION_LEVEL = "-O";
				VALIDATE_PRODUCT = YES;
			};
			name = Release;
		};
		F9B07B1620B02AEC0001E191 /* Debug */ = {
			isa = XCBuildConfiguration;
			baseConfigurationReference = 0DBA6BB6DC18E4C29386DF5C /* Pods-SWVL Challenge.debug.xcconfig */;
			buildSettings = {
				ASSETCATALOG_COMPILER_APPICON_NAME = AppIcon;
				CODE_SIGN_STYLE = Automatic;
				DEVELOPMENT_TEAM = ET2MEJ8BDQ;
				INFOPLIST_FILE = "SWVL Challenge/Info.plist";
				IPHONEOS_DEPLOYMENT_TARGET = 10.0;
				LD_RUNPATH_SEARCH_PATHS = (
					"$(inherited)",
					"@executable_path/Frameworks",
				);
				PRODUCT_BUNDLE_IDENTIFIER = "com.kalamoni.SWVL-Challenge";
				PRODUCT_NAME = "$(TARGET_NAME)";
				SWIFT_VERSION = 4.0;
				TARGETED_DEVICE_FAMILY = "1,2";
			};
			name = Debug;
		};
		F9B07B1720B02AEC0001E191 /* Release */ = {
			isa = XCBuildConfiguration;
			baseConfigurationReference = 638A24ED55DA0F531F40B2DC /* Pods-SWVL Challenge.release.xcconfig */;
			buildSettings = {
				ASSETCATALOG_COMPILER_APPICON_NAME = AppIcon;
				CODE_SIGN_STYLE = Automatic;
				DEVELOPMENT_TEAM = ET2MEJ8BDQ;
				INFOPLIST_FILE = "SWVL Challenge/Info.plist";
				IPHONEOS_DEPLOYMENT_TARGET = 10.0;
				LD_RUNPATH_SEARCH_PATHS = (
					"$(inherited)",
					"@executable_path/Frameworks",
				);
				PRODUCT_BUNDLE_IDENTIFIER = "com.kalamoni.SWVL-Challenge";
				PRODUCT_NAME = "$(TARGET_NAME)";
				SWIFT_VERSION = 4.0;
				TARGETED_DEVICE_FAMILY = "1,2";
			};
			name = Release;
		};
		F9B07B1920B02AEC0001E191 /* Debug */ = {
			isa = XCBuildConfiguration;
			baseConfigurationReference = 7F4474AA74D5B7AE1851166F /* Pods-SWVL ChallengeTests.debug.xcconfig */;
			buildSettings = {
				ALWAYS_EMBED_SWIFT_STANDARD_LIBRARIES = YES;
				BUNDLE_LOADER = "$(TEST_HOST)";
				CODE_SIGN_STYLE = Automatic;
				DEVELOPMENT_TEAM = ET2MEJ8BDQ;
				INFOPLIST_FILE = "SWVL ChallengeTests/Info.plist";
				LD_RUNPATH_SEARCH_PATHS = (
					"$(inherited)",
					"@executable_path/Frameworks",
					"@loader_path/Frameworks",
				);
				PRODUCT_BUNDLE_IDENTIFIER = "com.kalamoni.SWVL-ChallengeTests";
				PRODUCT_NAME = "$(TARGET_NAME)";
				SWIFT_VERSION = 4.0;
				TARGETED_DEVICE_FAMILY = "1,2";
				TEST_HOST = "$(BUILT_PRODUCTS_DIR)/SWVL Challenge.app/SWVL Challenge";
			};
			name = Debug;
		};
		F9B07B1A20B02AEC0001E191 /* Release */ = {
			isa = XCBuildConfiguration;
			baseConfigurationReference = 1E7B14B0910934E8446EEEBC /* Pods-SWVL ChallengeTests.release.xcconfig */;
			buildSettings = {
				ALWAYS_EMBED_SWIFT_STANDARD_LIBRARIES = YES;
				BUNDLE_LOADER = "$(TEST_HOST)";
				CODE_SIGN_STYLE = Automatic;
				DEVELOPMENT_TEAM = ET2MEJ8BDQ;
				INFOPLIST_FILE = "SWVL ChallengeTests/Info.plist";
				LD_RUNPATH_SEARCH_PATHS = (
					"$(inherited)",
					"@executable_path/Frameworks",
					"@loader_path/Frameworks",
				);
				PRODUCT_BUNDLE_IDENTIFIER = "com.kalamoni.SWVL-ChallengeTests";
				PRODUCT_NAME = "$(TARGET_NAME)";
				SWIFT_VERSION = 4.0;
				TARGETED_DEVICE_FAMILY = "1,2";
				TEST_HOST = "$(BUILT_PRODUCTS_DIR)/SWVL Challenge.app/SWVL Challenge";
			};
			name = Release;
		};
		F9B07B1C20B02AEC0001E191 /* Debug */ = {
			isa = XCBuildConfiguration;
			baseConfigurationReference = 4C6B99C064AE42B3A3504477 /* Pods-SWVL ChallengeUITests.debug.xcconfig */;
			buildSettings = {
				ALWAYS_EMBED_SWIFT_STANDARD_LIBRARIES = YES;
				CODE_SIGN_STYLE = Automatic;
				DEVELOPMENT_TEAM = ET2MEJ8BDQ;
				INFOPLIST_FILE = "SWVL ChallengeUITests/Info.plist";
				LD_RUNPATH_SEARCH_PATHS = (
					"$(inherited)",
					"@executable_path/Frameworks",
					"@loader_path/Frameworks",
				);
				PRODUCT_BUNDLE_IDENTIFIER = "com.kalamoni.SWVL-ChallengeUITests";
				PRODUCT_NAME = "$(TARGET_NAME)";
				SWIFT_VERSION = 4.0;
				TARGETED_DEVICE_FAMILY = "1,2";
				TEST_TARGET_NAME = "SWVL Challenge";
			};
			name = Debug;
		};
		F9B07B1D20B02AEC0001E191 /* Release */ = {
			isa = XCBuildConfiguration;
			baseConfigurationReference = E285BC05CF7AE8EA6E8FE385 /* Pods-SWVL ChallengeUITests.release.xcconfig */;
			buildSettings = {
				ALWAYS_EMBED_SWIFT_STANDARD_LIBRARIES = YES;
				CODE_SIGN_STYLE = Automatic;
				DEVELOPMENT_TEAM = ET2MEJ8BDQ;
				INFOPLIST_FILE = "SWVL ChallengeUITests/Info.plist";
				LD_RUNPATH_SEARCH_PATHS = (
					"$(inherited)",
					"@executable_path/Frameworks",
					"@loader_path/Frameworks",
				);
				PRODUCT_BUNDLE_IDENTIFIER = "com.kalamoni.SWVL-ChallengeUITests";
				PRODUCT_NAME = "$(TARGET_NAME)";
				SWIFT_VERSION = 4.0;
				TARGETED_DEVICE_FAMILY = "1,2";
				TEST_TARGET_NAME = "SWVL Challenge";
			};
			name = Release;
		};
/* End XCBuildConfiguration section */

/* Begin XCConfigurationList section */
		F9B07AE820B02AEA0001E191 /* Build configuration list for PBXProject "SWVL Challenge" */ = {
			isa = XCConfigurationList;
			buildConfigurations = (
				F9B07B1320B02AEC0001E191 /* Debug */,
				F9B07B1420B02AEC0001E191 /* Release */,
			);
			defaultConfigurationIsVisible = 0;
			defaultConfigurationName = Release;
		};
		F9B07B1520B02AEC0001E191 /* Build configuration list for PBXNativeTarget "SWVL Challenge" */ = {
			isa = XCConfigurationList;
			buildConfigurations = (
				F9B07B1620B02AEC0001E191 /* Debug */,
				F9B07B1720B02AEC0001E191 /* Release */,
			);
			defaultConfigurationIsVisible = 0;
			defaultConfigurationName = Release;
		};
		F9B07B1820B02AEC0001E191 /* Build configuration list for PBXNativeTarget "SWVL ChallengeTests" */ = {
			isa = XCConfigurationList;
			buildConfigurations = (
				F9B07B1920B02AEC0001E191 /* Debug */,
				F9B07B1A20B02AEC0001E191 /* Release */,
			);
			defaultConfigurationIsVisible = 0;
			defaultConfigurationName = Release;
		};
		F9B07B1B20B02AEC0001E191 /* Build configuration list for PBXNativeTarget "SWVL ChallengeUITests" */ = {
			isa = XCConfigurationList;
			buildConfigurations = (
				F9B07B1C20B02AEC0001E191 /* Debug */,
				F9B07B1D20B02AEC0001E191 /* Release */,
			);
			defaultConfigurationIsVisible = 0;
			defaultConfigurationName = Release;
		};
/* End XCConfigurationList section */
	};
	rootObject = F9B07AE520B02AEA0001E191 /* Project object */;
}
